
Microsoft Visual Studio Solution File, Format Version 12.00
# Visual Studio Version 17
VisualStudioVersion = 17.9.34622.214
MinimumVisualStudioVersion = 10.0.40219.1
Project("{9A19103F-16F7-4668-BE54-9A1E7A4F7556}") = "WebApi", "WebApi\WebApi.csproj", "{52FD91B7-DF62-4980-81B9-525370D6BC71}"
EndProject
Project("{9A19103F-16F7-4668-BE54-9A1E7A4F7556}") = "Business", "Business\Business.csproj", "{E0F27356-C3F9-4599-98C3-181C517E8757}"
EndProject
Project("{9A19103F-16F7-4668-BE54-9A1E7A4F7556}") = "DataAccess", "DataAccess\DataAccess.csproj", "{9E3C5D57-FF83-4D22-847F-1129048F04B9}"
EndProject
Project("{9A19103F-16F7-4668-BE54-9A1E7A4F7556}") = "Entities", "Entities\Entities.csproj", "{EAE238C6-D3F4-4A51-B4BB-BAFAEFEC3765}"
EndProject
Project("{FAE04EC0-301F-11D3-BF4B-00C04F79EFBC}") = "Core", "Core\Core.csproj", "{77CAECEC-B92F-4F54-83D9-D68D4AF66C81}"
EndProject
Global
	GlobalSection(SolutionConfigurationPlatforms) = preSolution
		Debug|Any CPU = Debug|Any CPU
		Release|Any CPU = Release|Any CPU
	EndGlobalSection
	GlobalSection(ProjectConfigurationPlatforms) = postSolution
		{52FD91B7-DF62-4980-81B9-525370D6BC71}.Debug|Any CPU.ActiveCfg = Debug|Any CPU
		{52FD91B7-DF62-4980-81B9-525370D6BC71}.Debug|Any CPU.Build.0 = Debug|Any CPU
		{52FD91B7-DF62-4980-81B9-525370D6BC71}.Release|Any CPU.ActiveCfg = Release|Any CPU
		{52FD91B7-DF62-4980-81B9-525370D6BC71}.Release|Any CPU.Build.0 = Release|Any CPU
		{E0F27356-C3F9-4599-98C3-181C517E8757}.Debug|Any CPU.ActiveCfg = Debug|Any CPU
		{E0F27356-C3F9-4599-98C3-181C517E8757}.Debug|Any CPU.Build.0 = Debug|Any CPU
		{E0F27356-C3F9-4599-98C3-181C517E8757}.Release|Any CPU.ActiveCfg = Release|Any CPU
		{E0F27356-C3F9-4599-98C3-181C517E8757}.Release|Any CPU.Build.0 = Release|Any CPU
		{9E3C5D57-FF83-4D22-847F-1129048F04B9}.Debug|Any CPU.ActiveCfg = Debug|Any CPU
		{9E3C5D57-FF83-4D22-847F-1129048F04B9}.Debug|Any CPU.Build.0 = Debug|Any CPU
		{9E3C5D57-FF83-4D22-847F-1129048F04B9}.Release|Any CPU.ActiveCfg = Release|Any CPU
		{9E3C5D57-FF83-4D22-847F-1129048F04B9}.Release|Any CPU.Build.0 = Release|Any CPU
		{EAE238C6-D3F4-4A51-B4BB-BAFAEFEC3765}.Debug|Any CPU.ActiveCfg = Debug|Any CPU
		{EAE238C6-D3F4-4A51-B4BB-BAFAEFEC3765}.Debug|Any CPU.Build.0 = Debug|Any CPU
		{EAE238C6-D3F4-4A51-B4BB-BAFAEFEC3765}.Release|Any CPU.ActiveCfg = Release|Any CPU
		{EAE238C6-D3F4-4A51-B4BB-BAFAEFEC3765}.Release|Any CPU.Build.0 = Release|Any CPU
		{77CAECEC-B92F-4F54-83D9-D68D4AF66C81}.Debug|Any CPU.ActiveCfg = Debug|Any CPU
		{77CAECEC-B92F-4F54-83D9-D68D4AF66C81}.Debug|Any CPU.Build.0 = Debug|Any CPU
		{77CAECEC-B92F-4F54-83D9-D68D4AF66C81}.Release|Any CPU.ActiveCfg = Release|Any CPU
		{77CAECEC-B92F-4F54-83D9-D68D4AF66C81}.Release|Any CPU.Build.0 = Release|Any CPU
	EndGlobalSection
	GlobalSection(SolutionProperties) = preSolution
		HideSolutionNode = FALSE
	EndGlobalSection
	GlobalSection(ExtensibilityGlobals) = postSolution
		SolutionGuid = {C9CEB131-BCA6-41F4-9C35-A8ECC7757177}
	EndGlobalSection
EndGlobal
